// !$*UTF8*$!
{
	archiveVersion = 1;
	classes = {
	};
	objectVersion = 50;
	objects = {

/* Begin PBXBuildFile section */
		59EF4D3F270199EF00E2E528 /* AppDelegate.swift in Sources */ = {isa = PBXBuildFile; fileRef = 59EF4D3E270199EF00E2E528 /* AppDelegate.swift */; };
		59EF4D41270199EF00E2E528 /* SceneDelegate.swift in Sources */ = {isa = PBXBuildFile; fileRef = 59EF4D40270199EF00E2E528 /* SceneDelegate.swift */; };
		59EF4D43270199EF00E2E528 /* ViewController.swift in Sources */ = {isa = PBXBuildFile; fileRef = 59EF4D42270199EF00E2E528 /* ViewController.swift */; };
		59EF4D46270199EF00E2E528 /* Main.storyboard in Resources */ = {isa = PBXBuildFile; fileRef = 59EF4D44270199EF00E2E528 /* Main.storyboard */; };
		59EF4D48270199F000E2E528 /* Assets.xcassets in Resources */ = {isa = PBXBuildFile; fileRef = 59EF4D47270199F000E2E528 /* Assets.xcassets */; };
		59EF4D4B270199F000E2E528 /* LaunchScreen.storyboard in Resources */ = {isa = PBXBuildFile; fileRef = 59EF4D49270199F000E2E528 /* LaunchScreen.storyboard */; };
		59EF4D5527019D0300E2E528 /* TableViewCell.swift in Sources */ = {isa = PBXBuildFile; fileRef = 59EF4D5327019D0300E2E528 /* TableViewCell.swift */; };
		59EF4D5627019D0300E2E528 /* TableViewCell.xib in Resources */ = {isa = PBXBuildFile; fileRef = 59EF4D5427019D0300E2E528 /* TableViewCell.xib */; };
/* End PBXBuildFile section */

/* Begin PBXFileReference section */
		59EF4D3B270199EF00E2E528 /* tablasCeldasCustomizadas.app */ = {isa = PBXFileReference; explicitFileType = wrapper.application; includeInIndex = 0; path = tablasCeldasCustomizadas.app; sourceTree = BUILT_PRODUCTS_DIR; };
		59EF4D3E270199EF00E2E528 /* AppDelegate.swift */ = {isa = PBXFileReference; lastKnownFileType = sourcecode.swift; path = AppDelegate.swift; sourceTree = "<group>"; };
		59EF4D40270199EF00E2E528 /* SceneDelegate.swift */ = {isa = PBXFileReference; lastKnownFileType = sourcecode.swift; path = SceneDelegate.swift; sourceTree = "<group>"; };
		59EF4D42270199EF00E2E528 /* ViewController.swift */ = {isa = PBXFileReference; lastKnownFileType = sourcecode.swift; path = ViewController.swift; sourceTree = "<group>"; };
		59EF4D45270199EF00E2E528 /* Base */ = {isa = PBXFileReference; lastKnownFileType = file.storyboard; name = Base; path = Base.lproj/Main.storyboard; sourceTree = "<group>"; };
		59EF4D47270199F000E2E528 /* Assets.xcassets */ = {isa = PBXFileReference; lastKnownFileType = folder.assetcatalog; path = Assets.xcassets; sourceTree = "<group>"; };
		59EF4D4A270199F000E2E528 /* Base */ = {isa = PBXFileReference; lastKnownFileType = file.storyboard; name = Base; path = Base.lproj/LaunchScreen.storyboard; sourceTree = "<group>"; };
		59EF4D4C270199F000E2E528 /* Info.plist */ = {isa = PBXFileReference; lastKnownFileType = text.plist.xml; path = Info.plist; sourceTree = "<group>"; };
		59EF4D5327019D0300E2E528 /* TableViewCell.swift */ = {isa = PBXFileReference; lastKnownFileType = sourcecode.swift; path = TableViewCell.swift; sourceTree = "<group>"; };
		59EF4D5427019D0300E2E528 /* TableViewCell.xib */ = {isa = PBXFileReference; lastKnownFileType = file.xib; path = TableViewCell.xib; sourceTree = "<group>"; };
/* End PBXFileReference section */

/* Begin PBXFrameworksBuildPhase section */
		59EF4D38270199EF00E2E528 /* Frameworks */ = {
			isa = PBXFrameworksBuildPhase;
			buildActionMask = 2147483647;
			files = (
			);
			runOnlyForDeploymentPostprocessing = 0;
		};
/* End PBXFrameworksBuildPhase section */

/* Begin PBXGroup section */
		59EF4D32270199EF00E2E528 = {
			isa = PBXGroup;
			children = (
				59EF4D3D270199EF00E2E528 /* tablasCeldasCustomizadas */,
				59EF4D3C270199EF00E2E528 /* Products */,
			);
			sourceTree = "<group>";
		};
		59EF4D3C270199EF00E2E528 /* Products */ = {
			isa = PBXGroup;
			children = (
				59EF4D3B270199EF00E2E528 /* tablasCeldasCustomizadas.app */,
			);
			name = Products;
			sourceTree = "<group>";
		};
		59EF4D3D270199EF00E2E528 /* tablasCeldasCustomizadas */ = {
			isa = PBXGroup;
			children = (
				59EF4D3E270199EF00E2E528 /* AppDelegate.swift */,
				59EF4D40270199EF00E2E528 /* SceneDelegate.swift */,
				59EF4D42270199EF00E2E528 /* ViewController.swift */,
				59EF4D44270199EF00E2E528 /* Main.storyboard */,
				59EF4D47270199F000E2E528 /* Assets.xcassets */,
				59EF4D49270199F000E2E528 /* LaunchScreen.storyboard */,
				59EF4D4C270199F000E2E528 /* Info.plist */,
				59EF4D5327019D0300E2E528 /* TableViewCell.swift */,
				59EF4D5427019D0300E2E528 /* TableViewCell.xib */,
			);
			path = tablasCeldasCustomizadas;
			sourceTree = "<group>";
		};
/* End PBXGroup section */

/* Begin PBXNativeTarget section */
		59EF4D3A270199EF00E2E528 /* tablasCeldasCustomizadas */ = {
			isa = PBXNativeTarget;
			buildConfigurationList = 59EF4D4F270199F000E2E528 /* Build configuration list for PBXNativeTarget "tablasCeldasCustomizadas" */;
			buildPhases = (
				59EF4D37270199EF00E2E528 /* Sources */,
				59EF4D38270199EF00E2E528 /* Frameworks */,
				59EF4D39270199EF00E2E528 /* Resources */,
			);
			buildRules = (
			);
			dependencies = (
			);
			name = tablasCeldasCustomizadas;
			productName = tablasCeldasCustomizadas;
			productReference = 59EF4D3B270199EF00E2E528 /* tablasCeldasCustomizadas.app */;
			productType = "com.apple.product-type.application";
		};
/* End PBXNativeTarget section */

/* Begin PBXProject section */
		59EF4D33270199EF00E2E528 /* Project object */ = {
			isa = PBXProject;
			attributes = {
				LastSwiftUpdateCheck = 1240;
				LastUpgradeCheck = 1240;
				TargetAttributes = {
					59EF4D3A270199EF00E2E528 = {
						CreatedOnToolsVersion = 12.4;
					};
				};
			};
			buildConfigurationList = 59EF4D36270199EF00E2E528 /* Build configuration list for PBXProject "tablasCeldasCustomizadas" */;
			compatibilityVersion = "Xcode 9.3";
			developmentRegion = en;
			hasScannedForEncodings = 0;
			knownRegions = (
				en,
				Base,
			);
			mainGroup = 59EF4D32270199EF00E2E528;
			productRefGroup = 59EF4D3C270199EF00E2E528 /* Products */;
			projectDirPath = "";
			projectRoot = "";
			targets = (
				59EF4D3A270199EF00E2E528 /* tablasCeldasCustomizadas */,
			);
		};
/* End PBXProject section */

/* Begin PBXResourcesBuildPhase section */
		59EF4D39270199EF00E2E528 /* Resources */ = {
			isa = PBXResourcesBuildPhase;
			buildActionMask = 2147483647;
			files = (
				59EF4D4B270199F000E2E528 /* LaunchScreen.storyboard in Resources */,
				59EF4D5627019D0300E2E528 /* TableViewCell.xib in Resources */,
				59EF4D48270199F000E2E528 /* Assets.xcassets in Resources */,
				59EF4D46270199EF00E2E528 /* Main.storyboard in Resources */,
			);
			runOnlyForDeploymentPostprocessing = 0;
		};
/* End PBXResourcesBuildPhase section */

/* Begin PBXSourcesBuildPhase section */
		59EF4D37270199EF00E2E528 /* Sources */ = {
			isa = PBXSourcesBuildPhase;
			buildActionMask = 2147483647;
			files = (
				59EF4D43270199EF00E2E528 /* ViewController.swift in Sources */,
				59EF4D5527019D0300E2E528 /* TableViewCell.swift in Sources */,
				59EF4D3F270199EF00E2E528 /* AppDelegate.swift in Sources */,
				59EF4D41270199EF00E2E528 /* SceneDelegate.swift in Sources */,
			);
			runOnlyForDeploymentPostprocessing = 0;
		};
/* End PBXSourcesBuildPhase section */

/* Begin PBXVariantGroup section */
		59EF4D44270199EF00E2E528 /* Main.storyboard */ = {
			isa = PBXVariantGroup;
			children = (
				59EF4D45270199EF00E2E528 /* Base */,
			);
			name = Main.storyboard;
			sourceTree = "<group>";
		};
		59EF4D49270199F000E2E528 /* LaunchScreen.storyboard */ = {
			isa = PBXVariantGroup;
			children = (
				59EF4D4A270199F000E2E528 /* Base */,
			);
			name = LaunchScreen.storyboard;
			sourceTree = "<group>";
		};
/* End PBXVariantGroup section */

/* Begin XCBuildConfiguration section */
		59EF4D4D270199F000E2E528 /* Debug */ = {
			isa = XCBuildConfiguration;
			buildSettings = {
				ALWAYS_SEARCH_USER_PATHS = NO;
				CLANG_ANALYZER_NONNULL = YES;
				CLANG_ANALYZER_NUMBER_OBJECT_CONVERSION = YES_AGGRESSIVE;
				CLANG_CXX_LANGUAGE_STANDARD = "gnu++14";
				CLANG_CXX_LIBRARY = "libc++";
				CLANG_ENABLE_MODULES = YES;
				CLANG_ENABLE_OBJC_ARC = YES;
				CLANG_ENABLE_OBJC_WEAK = YES;
				CLANG_WARN_BLOCK_CAPTURE_AUTORELEASING = YES;
				CLANG_WARN_BOOL_CONVERSION = YES;
				CLANG_WARN_COMMA = YES;
				CLANG_WARN_CONSTANT_CONVERSION = YES;
				CLANG_WARN_DEPRECATED_OBJC_IMPLEMENTATIONS = YES;
				CLANG_WARN_DIRECT_OBJC_ISA_USAGE = YES_ERROR;
				CLANG_WARN_DOCUMENTATION_COMMENTS = YES;
				CLANG_WARN_EMPTY_BODY = YES;
				CLANG_WARN_ENUM_CONVERSION = YES;
				CLANG_WARN_INFINITE_RECURSION = YES;
				CLANG_WARN_INT_CONVERSION = YES;
				CLANG_WARN_NON_LITERAL_NULL_CONVERSION = YES;
				CLANG_WARN_OBJC_IMPLICIT_RETAIN_SELF = YES;
				CLANG_WARN_OBJC_LITERAL_CONVERSION = YES;
				CLANG_WARN_OBJC_ROOT_CLASS = YES_ERROR;
				CLANG_WARN_QUOTED_INCLUDE_IN_FRAMEWORK_HEADER = YES;
				CLANG_WARN_RANGE_LOOP_ANALYSIS = YES;
				CLANG_WARN_STRICT_PROTOTYPES = YES;
				CLANG_WARN_SUSPICIOUS_MOVE = YES;
				CLANG_WARN_UNGUARDED_AVAILABILITY = YES_AGGRESSIVE;
				CLANG_WARN_UNREACHABLE_CODE = YES;
				CLANG_WARN__DUPLICATE_METHOD_MATCH = YES;
				COPY_PHASE_STRIP = NO;
				DEBUG_INFORMATION_FORMAT = dwarf;
				ENABLE_STRICT_OBJC_MSGSEND = YES;
				ENABLE_TESTABILITY = YES;
				GCC_C_LANGUAGE_STANDARD = gnu11;
				GCC_DYNAMIC_NO_PIC = NO;
				GCC_NO_COMMON_BLOCKS = YES;
				GCC_OPTIMIZATION_LEVEL = 0;
				GCC_PREPROCESSOR_DEFINITIONS = (
					"DEBUG=1",
					"$(inherited)",
				);
				GCC_WARN_64_TO_32_BIT_CONVERSION = YES;
				GCC_WARN_ABOUT_RETURN_TYPE = YES_ERROR;
				GCC_WARN_UNDECLARED_SELECTOR = YES;
				GCC_WARN_UNINITIALIZED_AUTOS = YES_AGGRESSIVE;
				GCC_WARN_UNUSED_FUNCTION = YES;
				GCC_WARN_UNUSED_VARIABLE = YES;
				IPHONEOS_DEPLOYMENT_TARGET = 14.4;
				MTL_ENABLE_DEBUG_INFO = INCLUDE_SOURCE;
				MTL_FAST_MATH = YES;
				ONLY_ACTIVE_ARCH = YES;
				SDKROOT = iphoneos;
				SWIFT_ACTIVE_COMPILATION_CONDITIONS = DEBUG;
				SWIFT_OPTIMIZATION_LEVEL = "-Onone";
			};
			name = Debug;
		};
		59EF4D4E270199F000E2E528 /* Release */ = {
			isa = XCBuildConfiguration;
			buildSettings = {
				ALWAYS_SEARCH_USER_PATHS = NO;
				CLANG_ANALYZER_NONNULL = YES;
				CLANG_ANALYZER_NUMBER_OBJECT_CONVERSION = YES_AGGRESSIVE;
				CLANG_CXX_LANGUAGE_STANDARD = "gnu++14";
				CLANG_CXX_LIBRARY = "libc++";
				CLANG_ENABLE_MODULES = YES;
				CLANG_ENABLE_OBJC_ARC = YES;
				CLANG_ENABLE_OBJC_WEAK = YES;
				CLANG_WARN_BLOCK_CAPTURE_AUTORELEASING = YES;
				CLANG_WARN_BOOL_CONVERSION = YES;
				CLANG_WARN_COMMA = YES;
				CLANG_WARN_CONSTANT_CONVERSION = YES;
				CLANG_WARN_DEPRECATED_OBJC_IMPLEMENTATIONS = YES;
				CLANG_WARN_DIRECT_OBJC_ISA_USAGE = YES_ERROR;
				CLANG_WARN_DOCUMENTATION_COMMENTS = YES;
				CLANG_WARN_EMPTY_BODY = YES;
				CLANG_WARN_ENUM_CONVERSION = YES;
				CLANG_WARN_INFINITE_RECURSION = YES;
				CLANG_WARN_INT_CONVERSION = YES;
				CLANG_WARN_NON_LITERAL_NULL_CONVERSION = YES;
				CLANG_WARN_OBJC_IMPLICIT_RETAIN_SELF = YES;
				CLANG_WARN_OBJC_LITERAL_CONVERSION = YES;
				CLANG_WARN_OBJC_ROOT_CLASS = YES_ERROR;
				CLANG_WARN_QUOTED_INCLUDE_IN_FRAMEWORK_HEADER = YES;
				CLANG_WARN_RANGE_LOOP_ANALYSIS = YES;
				CLANG_WARN_STRICT_PROTOTYPES = YES;
				CLANG_WARN_SUSPICIOUS_MOVE = YES;
				CLANG_WARN_UNGUARDED_AVAILABILITY = YES_AGGRESSIVE;
				CLANG_WARN_UNREACHABLE_CODE = YES;
				CLANG_WARN__DUPLICATE_METHOD_MATCH = YES;
				COPY_PHASE_STRIP = NO;
				DEBUG_INFORMATION_FORMAT = "dwarf-with-dsym";
				ENABLE_NS_ASSERTIONS = NO;
				ENABLE_STRICT_OBJC_MSGSEND = YES;
				GCC_C_LANGUAGE_STANDARD = gnu11;
				GCC_NO_COMMON_BLOCKS = YES;
				GCC_WARN_64_TO_32_BIT_CONVERSION = YES;
				GCC_WARN_ABOUT_RETURN_TYPE = YES_ERROR;
				GCC_WARN_UNDECLARED_SELECTOR = YES;
				GCC_WARN_UNINITIALIZED_AUTOS = YES_AGGRESSIVE;
				GCC_WARN_UNUSED_FUNCTION = YES;
				GCC_WARN_UNUSED_VARIABLE = YES;
				IPHONEOS_DEPLOYMENT_TARGET = 14.4;
				MTL_ENABLE_DEBUG_INFO = NO;
				MTL_FAST_MATH = YES;
				SDKROOT = iphoneos;
				SWIFT_COMPILATION_MODE = wholemodule;
				SWIFT_OPTIMIZATION_LEVEL = "-O";
				VALIDATE_PRODUCT = YES;
			};
			name = Release;
		};
		59EF4D50270199F000E2E528 /* Debug */ = {
			isa = XCBuildConfiguration;
			buildSettings = {
				ASSETCATALOG_COMPILER_APPICON_NAME = AppIcon;
				ASSETCATALOG_COMPILER_GLOBAL_ACCENT_COLOR_NAME = AccentColor;
				CODE_SIGN_STYLE = Automatic;
				INFOPLIST_FILE = tablasCeldasCustomizadas/Info.plist;
				LD_RUNPATH_SEARCH_PATHS = (
					"$(inherited)",
					"@executable_path/Frameworks",
				);
				PRODUCT_BUNDLE_IDENTIFIER = com.javi.tablasCeldasCustomizadas;
				PRODUCT_NAME = "$(TARGET_NAME)";
				SWIFT_VERSION = 5.0;
				TARGETED_DEVICE_FAMILY = "1,2";
			};
			name = Debug;
		};
		59EF4D51270199F000E2E528 /* Release */ = {
			isa = XCBuildConfiguration;
			buildSettings = {
				ASSETCATALOG_COMPILER_APPICON_NAME = AppIcon;
				ASSETCATALOG_COMPILER_GLOBAL_ACCENT_COLOR_NAME = AccentColor;
				CODE_SIGN_STYLE = Automatic;
				INFOPLIST_FILE = tablasCeldasCustomizadas/Info.plist;
				LD_RUNPATH_SEARCH_PATHS = (
					"$(inherited)",
					"@executable_path/Frameworks",
				);
				PRODUCT_BUNDLE_IDENTIFIER = com.javi.tablasCeldasCustomizadas;
				PRODUCT_NAME = "$(TARGET_NAME)";
				SWIFT_VERSION = 5.0;
				TARGETED_DEVICE_FAMILY = "1,2";
			};
			name = Release;
		};
/* End XCBuildConfiguration section */

/* Begin XCConfigurationList section */
		59EF4D36270199EF00E2E528 /* Build configuration list for PBXProject "tablasCeldasCustomizadas" */ = {
			isa = XCConfigurationList;
			buildConfigurations = (
				59EF4D4D270199F000E2E528 /* Debug */,
				59EF4D4E270199F000E2E528 /* Release */,
			);
			defaultConfigurationIsVisible = 0;
			defaultConfigurationName = Release;
		};
		59EF4D4F270199F000E2E528 /* Build configuration list for PBXNativeTarget "tablasCeldasCustomizadas" */ = {
			isa = XCConfigurationList;
			buildConfigurations = (
				59EF4D50270199F000E2E528 /* Debug */,
				59EF4D51270199F000E2E528 /* Release */,
			);
			defaultConfigurationIsVisible = 0;
			defaultConfigurationName = Release;
		};
/* End XCConfigurationList section */
	};
	rootObject = 59EF4D33270199EF00E2E528 /* Project object */;
}
